
Microsoft Visual Studio Solution File, Format Version 12.00
# Visual Studio Version 17
VisualStudioVersion = 17.7.34024.191
MinimumVisualStudioVersion = 10.0.40219.1
Project("{FAE04EC0-301F-11D3-BF4B-00C04F79EFBC}") = "cmdhuflash", "cmdhuflash\cmdhuflash.csproj", "{06F031FB-167E-469F-BA0B-8126D4BB0494}"
EndProject
Project("{FAE04EC0-301F-11D3-BF4B-00C04F79EFBC}") = "cmdhuflash.Tests", "cmdhuflash.Tests\cmdhuflash.Tests.csproj", "{1F177DB4-9476-453D-BE68-5C35B20E2786}"
EndProject
Global
	GlobalSection(SolutionConfigurationPlatforms) = preSolution
		Debug|Any CPU = Debug|Any CPU
		Release|Any CPU = Release|Any CPU
	EndGlobalSection
	GlobalSection(ProjectConfigurationPlatforms) = postSolution
		{06F031FB-167E-469F-BA0B-8126D4BB0494}.Debug|Any CPU.ActiveCfg = Debug|Any CPU
		{06F031FB-167E-469F-BA0B-8126D4BB0494}.Debug|Any CPU.Build.0 = Debug|Any CPU
		{06F031FB-167E-469F-BA0B-8126D4BB0494}.Release|Any CPU.ActiveCfg = Release|Any CPU
		{06F031FB-167E-469F-BA0B-8126D4BB0494}.Release|Any CPU.Build.0 = Release|Any CPU
		{1F177DB4-9476-453D-BE68-5C35B20E2786}.Debug|Any CPU.ActiveCfg = Debug|Any CPU
		{1F177DB4-9476-453D-BE68-5C35B20E2786}.Debug|Any CPU.Build.0 = Debug|Any CPU
		{1F177DB4-9476-453D-BE68-5C35B20E2786}.Release|Any CPU.ActiveCfg = Release|Any CPU
		{1F177DB4-9476-453D-BE68-5C35B20E2786}.Release|Any CPU.Build.0 = Release|Any CPU
	EndGlobalSection
	GlobalSection(SolutionProperties) = preSolution
		HideSolutionNode = FALSE
	EndGlobalSection
	GlobalSection(ExtensibilityGlobals) = postSolution
		SolutionGuid = {FF60885E-D18C-434F-90FB-F2BB709C88F4}
	EndGlobalSection
EndGlobal
